// !$*UTF8*$!
{
	archiveVersion = 1;
	classes = {
	};
	objectVersion = 56;
	objects = {

/* Begin PBXBuildFile section */
		6D9E054E2BFC8818006E2E5A /* AppDelegate.swift in Sources */ = {isa = PBXBuildFile; fileRef = 6D9E054D2BFC8818006E2E5A /* AppDelegate.swift */; };
		6D9E05502BFC8818006E2E5A /* SceneDelegate.swift in Sources */ = {isa = PBXBuildFile; fileRef = 6D9E054F2BFC8818006E2E5A /* SceneDelegate.swift */; };
		6D9E05522BFC8818006E2E5A /* ViewController.swift in Sources */ = {isa = PBXBuildFile; fileRef = 6D9E05512BFC8818006E2E5A /* ViewController.swift */; };
		6D9E05552BFC8818006E2E5A /* Base in Resources */ = {isa = PBXBuildFile; fileRef = 6D9E05542BFC8818006E2E5A /* Base */; };
		6D9E05572BFC8819006E2E5A /* Assets.xcassets in Resources */ = {isa = PBXBuildFile; fileRef = 6D9E05562BFC8819006E2E5A /* Assets.xcassets */; };
		6D9E055A2BFC8819006E2E5A /* Base in Resources */ = {isa = PBXBuildFile; fileRef = 6D9E05592BFC8819006E2E5A /* Base */; };
		6D9E05652BFC8819006E2E5A /* MyZoneTests.swift in Sources */ = {isa = PBXBuildFile; fileRef = 6D9E05642BFC8819006E2E5A /* MyZoneTests.swift */; };
		6D9E056F2BFC8819006E2E5A /* MyZoneUITests.swift in Sources */ = {isa = PBXBuildFile; fileRef = 6D9E056E2BFC8819006E2E5A /* MyZoneUITests.swift */; };
		6D9E05712BFC8819006E2E5A /* MyZoneUITestsLaunchTests.swift in Sources */ = {isa = PBXBuildFile; fileRef = 6D9E05702BFC8819006E2E5A /* MyZoneUITestsLaunchTests.swift */; };
		6D9E057E2BFC8AC1006E2E5A /* GoogleService-Info.plist in Resources */ = {isa = PBXBuildFile; fileRef = 6D9E057D2BFC8AC1006E2E5A /* GoogleService-Info.plist */; };
		6D9E057F2BFC8AC1006E2E5A /* GoogleService-Info.plist in Resources */ = {isa = PBXBuildFile; fileRef = 6D9E057D2BFC8AC1006E2E5A /* GoogleService-Info.plist */; };
		6D9E05802BFC8AC1006E2E5A /* GoogleService-Info.plist in Resources */ = {isa = PBXBuildFile; fileRef = 6D9E057D2BFC8AC1006E2E5A /* GoogleService-Info.plist */; };
/* End PBXBuildFile section */

/* Begin PBXContainerItemProxy section */
		6D9E05612BFC8819006E2E5A /* PBXContainerItemProxy */ = {
			isa = PBXContainerItemProxy;
			containerPortal = 6D9E05422BFC8818006E2E5A /* Project object */;
			proxyType = 1;
			remoteGlobalIDString = 6D9E05492BFC8818006E2E5A;
			remoteInfo = MyZone;
		};
		6D9E056B2BFC8819006E2E5A /* PBXContainerItemProxy */ = {
			isa = PBXContainerItemProxy;
			containerPortal = 6D9E05422BFC8818006E2E5A /* Project object */;
			proxyType = 1;
			remoteGlobalIDString = 6D9E05492BFC8818006E2E5A;
			remoteInfo = MyZone;
		};
/* End PBXContainerItemProxy section */

/* Begin PBXFileReference section */
		6D9E054A2BFC8818006E2E5A /* MyZone.app */ = {isa = PBXFileReference; explicitFileType = wrapper.application; includeInIndex = 0; path = MyZone.app; sourceTree = BUILT_PRODUCTS_DIR; };
		6D9E054D2BFC8818006E2E5A /* AppDelegate.swift */ = {isa = PBXFileReference; lastKnownFileType = sourcecode.swift; path = AppDelegate.swift; sourceTree = "<group>"; };
		6D9E054F2BFC8818006E2E5A /* SceneDelegate.swift */ = {isa = PBXFileReference; lastKnownFileType = sourcecode.swift; path = SceneDelegate.swift; sourceTree = "<group>"; };
		6D9E05512BFC8818006E2E5A /* ViewController.swift */ = {isa = PBXFileReference; lastKnownFileType = sourcecode.swift; path = ViewController.swift; sourceTree = "<group>"; };
		6D9E05542BFC8818006E2E5A /* Base */ = {isa = PBXFileReference; lastKnownFileType = file.storyboard; name = Base; path = Base.lproj/Main.storyboard; sourceTree = "<group>"; };
		6D9E05562BFC8819006E2E5A /* Assets.xcassets */ = {isa = PBXFileReference; lastKnownFileType = folder.assetcatalog; path = Assets.xcassets; sourceTree = "<group>"; };
		6D9E05592BFC8819006E2E5A /* Base */ = {isa = PBXFileReference; lastKnownFileType = file.storyboard; name = Base; path = Base.lproj/LaunchScreen.storyboard; sourceTree = "<group>"; };
		6D9E055B2BFC8819006E2E5A /* Info.plist */ = {isa = PBXFileReference; lastKnownFileType = text.plist.xml; path = Info.plist; sourceTree = "<group>"; };
		6D9E05602BFC8819006E2E5A /* MyZoneTests.xctest */ = {isa = PBXFileReference; explicitFileType = wrapper.cfbundle; includeInIndex = 0; path = MyZoneTests.xctest; sourceTree = BUILT_PRODUCTS_DIR; };
		6D9E05642BFC8819006E2E5A /* MyZoneTests.swift */ = {isa = PBXFileReference; lastKnownFileType = sourcecode.swift; path = MyZoneTests.swift; sourceTree = "<group>"; };
		6D9E056A2BFC8819006E2E5A /* MyZoneUITests.xctest */ = {isa = PBXFileReference; explicitFileType = wrapper.cfbundle; includeInIndex = 0; path = MyZoneUITests.xctest; sourceTree = BUILT_PRODUCTS_DIR; };
		6D9E056E2BFC8819006E2E5A /* MyZoneUITests.swift */ = {isa = PBXFileReference; lastKnownFileType = sourcecode.swift; path = MyZoneUITests.swift; sourceTree = "<group>"; };
		6D9E05702BFC8819006E2E5A /* MyZoneUITestsLaunchTests.swift */ = {isa = PBXFileReference; lastKnownFileType = sourcecode.swift; path = MyZoneUITestsLaunchTests.swift; sourceTree = "<group>"; };
		6D9E057D2BFC8AC1006E2E5A /* GoogleService-Info.plist */ = {isa = PBXFileReference; fileEncoding = 4; lastKnownFileType = text.plist.xml; path = "GoogleService-Info.plist"; sourceTree = "<group>"; };
/* End PBXFileReference section */

/* Begin PBXFrameworksBuildPhase section */
		6D9E05472BFC8818006E2E5A /* Frameworks */ = {
			isa = PBXFrameworksBuildPhase;
			buildActionMask = 2147483647;
			files = (
			);
			runOnlyForDeploymentPostprocessing = 0;
		};
		6D9E055D2BFC8819006E2E5A /* Frameworks */ = {
			isa = PBXFrameworksBuildPhase;
			buildActionMask = 2147483647;
			files = (
			);
			runOnlyForDeploymentPostprocessing = 0;
		};
		6D9E05672BFC8819006E2E5A /* Frameworks */ = {
			isa = PBXFrameworksBuildPhase;
			buildActionMask = 2147483647;
			files = (
			);
			runOnlyForDeploymentPostprocessing = 0;
		};
/* End PBXFrameworksBuildPhase section */

/* Begin PBXGroup section */
		6D9E05412BFC8818006E2E5A = {
			isa = PBXGroup;
			children = (
				6D9E054C2BFC8818006E2E5A /* MyZone */,
				6D9E05632BFC8819006E2E5A /* MyZoneTests */,
				6D9E056D2BFC8819006E2E5A /* MyZoneUITests */,
				6D9E054B2BFC8818006E2E5A /* Products */,
			);
			sourceTree = "<group>";
		};
		6D9E054B2BFC8818006E2E5A /* Products */ = {
			isa = PBXGroup;
			children = (
				6D9E054A2BFC8818006E2E5A /* MyZone.app */,
				6D9E05602BFC8819006E2E5A /* MyZoneTests.xctest */,
				6D9E056A2BFC8819006E2E5A /* MyZoneUITests.xctest */,
			);
			name = Products;
			sourceTree = "<group>";
		};
		6D9E054C2BFC8818006E2E5A /* MyZone */ = {
			isa = PBXGroup;
			children = (
				6D9E054D2BFC8818006E2E5A /* AppDelegate.swift */,
				6D9E054F2BFC8818006E2E5A /* SceneDelegate.swift */,
				6D9E05512BFC8818006E2E5A /* ViewController.swift */,
				6D9E05532BFC8818006E2E5A /* Main.storyboard */,
				6D9E05562BFC8819006E2E5A /* Assets.xcassets */,
				6D9E05582BFC8819006E2E5A /* LaunchScreen.storyboard */,
				6D9E055B2BFC8819006E2E5A /* Info.plist */,
				6D9E057D2BFC8AC1006E2E5A /* GoogleService-Info.plist */,
			);
			path = MyZone;
			sourceTree = "<group>";
		};
		6D9E05632BFC8819006E2E5A /* MyZoneTests */ = {
			isa = PBXGroup;
			children = (
				6D9E05642BFC8819006E2E5A /* MyZoneTests.swift */,
			);
			path = MyZoneTests;
			sourceTree = "<group>";
		};
		6D9E056D2BFC8819006E2E5A /* MyZoneUITests */ = {
			isa = PBXGroup;
			children = (
				6D9E056E2BFC8819006E2E5A /* MyZoneUITests.swift */,
				6D9E05702BFC8819006E2E5A /* MyZoneUITestsLaunchTests.swift */,
			);
			path = MyZoneUITests;
			sourceTree = "<group>";
		};
/* End PBXGroup section */

/* Begin PBXNativeTarget section */
		6D9E05492BFC8818006E2E5A /* MyZone */ = {
			isa = PBXNativeTarget;
			buildConfigurationList = 6D9E05742BFC8819006E2E5A /* Build configuration list for PBXNativeTarget "MyZone" */;
			buildPhases = (
				6D9E05462BFC8818006E2E5A /* Sources */,
				6D9E05472BFC8818006E2E5A /* Frameworks */,
				6D9E05482BFC8818006E2E5A /* Resources */,
			);
			buildRules = (
			);
			dependencies = (
			);
			name = MyZone;
			productName = MyZone;
			productReference = 6D9E054A2BFC8818006E2E5A /* MyZone.app */;
			productType = "com.apple.product-type.application";
		};
		6D9E055F2BFC8819006E2E5A /* MyZoneTests */ = {
			isa = PBXNativeTarget;
			buildConfigurationList = 6D9E05772BFC8819006E2E5A /* Build configuration list for PBXNativeTarget "MyZoneTests" */;
			buildPhases = (
				6D9E055C2BFC8819006E2E5A /* Sources */,
				6D9E055D2BFC8819006E2E5A /* Frameworks */,
				6D9E055E2BFC8819006E2E5A /* Resources */,
			);
			buildRules = (
			);
			dependencies = (
				6D9E05622BFC8819006E2E5A /* PBXTargetDependency */,
			);
			name = MyZoneTests;
			productName = MyZoneTests;
			productReference = 6D9E05602BFC8819006E2E5A /* MyZoneTests.xctest */;
			productType = "com.apple.product-type.bundle.unit-test";
		};
		6D9E05692BFC8819006E2E5A /* MyZoneUITests */ = {
			isa = PBXNativeTarget;
			buildConfigurationList = 6D9E057A2BFC8819006E2E5A /* Build configuration list for PBXNativeTarget "MyZoneUITests" */;
			buildPhases = (
				6D9E05662BFC8819006E2E5A /* Sources */,
				6D9E05672BFC8819006E2E5A /* Frameworks */,
				6D9E05682BFC8819006E2E5A /* Resources */,
			);
			buildRules = (
			);
			dependencies = (
				6D9E056C2BFC8819006E2E5A /* PBXTargetDependency */,
			);
			name = MyZoneUITests;
			productName = MyZoneUITests;
			productReference = 6D9E056A2BFC8819006E2E5A /* MyZoneUITests.xctest */;
			productType = "com.apple.product-type.bundle.ui-testing";
		};
/* End PBXNativeTarget section */

/* Begin PBXProject section */
		6D9E05422BFC8818006E2E5A /* Project object */ = {
			isa = PBXProject;
			attributes = {
				BuildIndependentTargetsInParallel = 1;
				LastSwiftUpdateCheck = 1530;
				LastUpgradeCheck = 1530;
				TargetAttributes = {
					6D9E05492BFC8818006E2E5A = {
						CreatedOnToolsVersion = 15.3;
					};
					6D9E055F2BFC8819006E2E5A = {
						CreatedOnToolsVersion = 15.3;
						TestTargetID = 6D9E05492BFC8818006E2E5A;
					};
					6D9E05692BFC8819006E2E5A = {
						CreatedOnToolsVersion = 15.3;
						TestTargetID = 6D9E05492BFC8818006E2E5A;
					};
				};
			};
			buildConfigurationList = 6D9E05452BFC8818006E2E5A /* Build configuration list for PBXProject "MyZone" */;
			compatibilityVersion = "Xcode 14.0";
			developmentRegion = en;
			hasScannedForEncodings = 0;
			knownRegions = (
				en,
				Base,
			);
			mainGroup = 6D9E05412BFC8818006E2E5A;
			productRefGroup = 6D9E054B2BFC8818006E2E5A /* Products */;
			projectDirPath = "";
			projectRoot = "";
			targets = (
				6D9E05492BFC8818006E2E5A /* MyZone */,
				6D9E055F2BFC8819006E2E5A /* MyZoneTests */,
				6D9E05692BFC8819006E2E5A /* MyZoneUITests */,
			);
		};
/* End PBXProject section */

/* Begin PBXResourcesBuildPhase section */
		6D9E05482BFC8818006E2E5A /* Resources */ = {
			isa = PBXResourcesBuildPhase;
			buildActionMask = 2147483647;
			files = (
				6D9E05572BFC8819006E2E5A /* Assets.xcassets in Resources */,
				6D9E057E2BFC8AC1006E2E5A /* GoogleService-Info.plist in Resources */,
				6D9E055A2BFC8819006E2E5A /* Base in Resources */,
				6D9E05552BFC8818006E2E5A /* Base in Resources */,
			);
			runOnlyForDeploymentPostprocessing = 0;
		};
		6D9E055E2BFC8819006E2E5A /* Resources */ = {
			isa = PBXResourcesBuildPhase;
			buildActionMask = 2147483647;
			files = (
				6D9E057F2BFC8AC1006E2E5A /* GoogleService-Info.plist in Resources */,
			);
			runOnlyForDeploymentPostprocessing = 0;
		};
		6D9E05682BFC8819006E2E5A /* Resources */ = {
			isa = PBXResourcesBuildPhase;
			buildActionMask = 2147483647;
			files = (
				6D9E05802BFC8AC1006E2E5A /* GoogleService-Info.plist in Resources */,
			);
			runOnlyForDeploymentPostprocessing = 0;
		};
/* End PBXResourcesBuildPhase section */

/* Begin PBXSourcesBuildPhase section */
		6D9E05462BFC8818006E2E5A /* Sources */ = {
			isa = PBXSourcesBuildPhase;
			buildActionMask = 2147483647;
			files = (
				6D9E05522BFC8818006E2E5A /* ViewController.swift in Sources */,
				6D9E054E2BFC8818006E2E5A /* AppDelegate.swift in Sources */,
				6D9E05502BFC8818006E2E5A /* SceneDelegate.swift in Sources */,
			);
			runOnlyForDeploymentPostprocessing = 0;
		};
		6D9E055C2BFC8819006E2E5A /* Sources */ = {
			isa = PBXSourcesBuildPhase;
			buildActionMask = 2147483647;
			files = (
				6D9E05652BFC8819006E2E5A /* MyZoneTests.swift in Sources */,
			);
			runOnlyForDeploymentPostprocessing = 0;
		};
		6D9E05662BFC8819006E2E5A /* Sources */ = {
			isa = PBXSourcesBuildPhase;
			buildActionMask = 2147483647;
			files = (
				6D9E05712BFC8819006E2E5A /* MyZoneUITestsLaunchTests.swift in Sources */,
				6D9E056F2BFC8819006E2E5A /* MyZoneUITests.swift in Sources */,
			);
			runOnlyForDeploymentPostprocessing = 0;
		};
/* End PBXSourcesBuildPhase section */

/* Begin PBXTargetDependency section */
		6D9E05622BFC8819006E2E5A /* PBXTargetDependency */ = {
			isa = PBXTargetDependency;
			target = 6D9E05492BFC8818006E2E5A /* MyZone */;
			targetProxy = 6D9E05612BFC8819006E2E5A /* PBXContainerItemProxy */;
		};
		6D9E056C2BFC8819006E2E5A /* PBXTargetDependency */ = {
			isa = PBXTargetDependency;
			target = 6D9E05492BFC8818006E2E5A /* MyZone */;
			targetProxy = 6D9E056B2BFC8819006E2E5A /* PBXContainerItemProxy */;
		};
/* End PBXTargetDependency section */

/* Begin PBXVariantGroup section */
		6D9E05532BFC8818006E2E5A /* Main.storyboard */ = {
			isa = PBXVariantGroup;
			children = (
				6D9E05542BFC8818006E2E5A /* Base */,
			);
			name = Main.storyboard;
			sourceTree = "<group>";
		};
		6D9E05582BFC8819006E2E5A /* LaunchScreen.storyboard */ = {
			isa = PBXVariantGroup;
			children = (
				6D9E05592BFC8819006E2E5A /* Base */,
			);
			name = LaunchScreen.storyboard;
			sourceTree = "<group>";
		};
/* End PBXVariantGroup section */

/* Begin XCBuildConfiguration section */
		6D9E05722BFC8819006E2E5A /* Debug */ = {
			isa = XCBuildConfiguration;
			buildSettings = {
				ALWAYS_SEARCH_USER_PATHS = NO;
				ASSETCATALOG_COMPILER_GENERATE_SWIFT_ASSET_SYMBOL_EXTENSIONS = YES;
				CLANG_ANALYZER_NONNULL = YES;
				CLANG_ANALYZER_NUMBER_OBJECT_CONVERSION = YES_AGGRESSIVE;
				CLANG_CXX_LANGUAGE_STANDARD = "gnu++20";
				CLANG_ENABLE_MODULES = YES;
				CLANG_ENABLE_OBJC_ARC = YES;
				CLANG_ENABLE_OBJC_WEAK = YES;
				CLANG_WARN_BLOCK_CAPTURE_AUTORELEASING = YES;
				CLANG_WARN_BOOL_CONVERSION = YES;
				CLANG_WARN_COMMA = YES;
				CLANG_WARN_CONSTANT_CONVERSION = YES;
				CLANG_WARN_DEPRECATED_OBJC_IMPLEMENTATIONS = YES;
				CLANG_WARN_DIRECT_OBJC_ISA_USAGE = YES_ERROR;
				CLANG_WARN_DOCUMENTATION_COMMENTS = YES;
				CLANG_WARN_EMPTY_BODY = YES;
				CLANG_WARN_ENUM_CONVERSION = YES;
				CLANG_WARN_INFINITE_RECURSION = YES;
				CLANG_WARN_INT_CONVERSION = YES;
				CLANG_WARN_NON_LITERAL_NULL_CONVERSION = YES;
				CLANG_WARN_OBJC_IMPLICIT_RETAIN_SELF = YES;
				CLANG_WARN_OBJC_LITERAL_CONVERSION = YES;
				CLANG_WARN_OBJC_ROOT_CLASS = YES_ERROR;
				CLANG_WARN_QUOTED_INCLUDE_IN_FRAMEWORK_HEADER = YES;
				CLANG_WARN_RANGE_LOOP_ANALYSIS = YES;
				CLANG_WARN_STRICT_PROTOTYPES = YES;
				CLANG_WARN_SUSPICIOUS_MOVE = YES;
				CLANG_WARN_UNGUARDED_AVAILABILITY = YES_AGGRESSIVE;
				CLANG_WARN_UNREACHABLE_CODE = YES;
				CLANG_WARN__DUPLICATE_METHOD_MATCH = YES;
				COPY_PHASE_STRIP = NO;
				DEBUG_INFORMATION_FORMAT = dwarf;
				ENABLE_STRICT_OBJC_MSGSEND = YES;
				ENABLE_TESTABILITY = YES;
				ENABLE_USER_SCRIPT_SANDBOXING = YES;
				GCC_C_LANGUAGE_STANDARD = gnu17;
				GCC_DYNAMIC_NO_PIC = NO;
				GCC_NO_COMMON_BLOCKS = YES;
				GCC_OPTIMIZATION_LEVEL = 0;
				GCC_PREPROCESSOR_DEFINITIONS = (
					"DEBUG=1",
					"$(inherited)",
				);
				GCC_WARN_64_TO_32_BIT_CONVERSION = YES;
				GCC_WARN_ABOUT_RETURN_TYPE = YES_ERROR;
				GCC_WARN_UNDECLARED_SELECTOR = YES;
				GCC_WARN_UNINITIALIZED_AUTOS = YES_AGGRESSIVE;
				GCC_WARN_UNUSED_FUNCTION = YES;
				GCC_WARN_UNUSED_VARIABLE = YES;
				IPHONEOS_DEPLOYMENT_TARGET = 17.4;
				LOCALIZATION_PREFERS_STRING_CATALOGS = YES;
				MTL_ENABLE_DEBUG_INFO = INCLUDE_SOURCE;
				MTL_FAST_MATH = YES;
				ONLY_ACTIVE_ARCH = YES;
				SDKROOT = iphoneos;
				SWIFT_ACTIVE_COMPILATION_CONDITIONS = "DEBUG $(inherited)";
				SWIFT_OPTIMIZATION_LEVEL = "-Onone";
			};
			name = Debug;
		};
		6D9E05732BFC8819006E2E5A /* Release */ = {
			isa = XCBuildConfiguration;
			buildSettings = {
				ALWAYS_SEARCH_USER_PATHS = NO;
				ASSETCATALOG_COMPILER_GENERATE_SWIFT_ASSET_SYMBOL_EXTENSIONS = YES;
				CLANG_ANALYZER_NONNULL = YES;
				CLANG_ANALYZER_NUMBER_OBJECT_CONVERSION = YES_AGGRESSIVE;
				CLANG_CXX_LANGUAGE_STANDARD = "gnu++20";
				CLANG_ENABLE_MODULES = YES;
				CLANG_ENABLE_OBJC_ARC = YES;
				CLANG_ENABLE_OBJC_WEAK = YES;
				CLANG_WARN_BLOCK_CAPTURE_AUTORELEASING = YES;
				CLANG_WARN_BOOL_CONVERSION = YES;
				CLANG_WARN_COMMA = YES;
				CLANG_WARN_CONSTANT_CONVERSION = YES;
				CLANG_WARN_DEPRECATED_OBJC_IMPLEMENTATIONS = YES;
				CLANG_WARN_DIRECT_OBJC_ISA_USAGE = YES_ERROR;
				CLANG_WARN_DOCUMENTATION_COMMENTS = YES;
				CLANG_WARN_EMPTY_BODY = YES;
				CLANG_WARN_ENUM_CONVERSION = YES;
				CLANG_WARN_INFINITE_RECURSION = YES;
				CLANG_WARN_INT_CONVERSION = YES;
				CLANG_WARN_NON_LITERAL_NULL_CONVERSION = YES;
				CLANG_WARN_OBJC_IMPLICIT_RETAIN_SELF = YES;
				CLANG_WARN_OBJC_LITERAL_CONVERSION = YES;
				CLANG_WARN_OBJC_ROOT_CLASS = YES_ERROR;
				CLANG_WARN_QUOTED_INCLUDE_IN_FRAMEWORK_HEADER = YES;
				CLANG_WARN_RANGE_LOOP_ANALYSIS = YES;
				CLANG_WARN_STRICT_PROTOTYPES = YES;
				CLANG_WARN_SUSPICIOUS_MOVE = YES;
				CLANG_WARN_UNGUARDED_AVAILABILITY = YES_AGGRESSIVE;
				CLANG_WARN_UNREACHABLE_CODE = YES;
				CLANG_WARN__DUPLICATE_METHOD_MATCH = YES;
				COPY_PHASE_STRIP = NO;
				DEBUG_INFORMATION_FORMAT = "dwarf-with-dsym";
				ENABLE_NS_ASSERTIONS = NO;
				ENABLE_STRICT_OBJC_MSGSEND = YES;
				ENABLE_USER_SCRIPT_SANDBOXING = YES;
				GCC_C_LANGUAGE_STANDARD = gnu17;
				GCC_NO_COMMON_BLOCKS = YES;
				GCC_WARN_64_TO_32_BIT_CONVERSION = YES;
				GCC_WARN_ABOUT_RETURN_TYPE = YES_ERROR;
				GCC_WARN_UNDECLARED_SELECTOR = YES;
				GCC_WARN_UNINITIALIZED_AUTOS = YES_AGGRESSIVE;
				GCC_WARN_UNUSED_FUNCTION = YES;
				GCC_WARN_UNUSED_VARIABLE = YES;
				IPHONEOS_DEPLOYMENT_TARGET = 17.4;
				LOCALIZATION_PREFERS_STRING_CATALOGS = YES;
				MTL_ENABLE_DEBUG_INFO = NO;
				MTL_FAST_MATH = YES;
				SDKROOT = iphoneos;
				SWIFT_COMPILATION_MODE = wholemodule;
				VALIDATE_PRODUCT = YES;
			};
			name = Release;
		};
		6D9E05752BFC8819006E2E5A /* Debug */ = {
			isa = XCBuildConfiguration;
			buildSettings = {
				ASSETCATALOG_COMPILER_APPICON_NAME = AppIcon;
				ASSETCATALOG_COMPILER_GLOBAL_ACCENT_COLOR_NAME = AccentColor;
				CODE_SIGN_STYLE = Automatic;
				CURRENT_PROJECT_VERSION = 1;
				DEVELOPMENT_TEAM = 7B56P4595F;
				GENERATE_INFOPLIST_FILE = YES;
				INFOPLIST_FILE = MyZone/Info.plist;
				INFOPLIST_KEY_UIApplicationSupportsIndirectInputEvents = YES;
				INFOPLIST_KEY_UILaunchStoryboardName = LaunchScreen;
				INFOPLIST_KEY_UIMainStoryboardFile = Main;
				INFOPLIST_KEY_UISupportedInterfaceOrientations_iPad = "UIInterfaceOrientationPortrait UIInterfaceOrientationPortraitUpsideDown UIInterfaceOrientationLandscapeLeft UIInterfaceOrientationLandscapeRight";
				INFOPLIST_KEY_UISupportedInterfaceOrientations_iPhone = "UIInterfaceOrientationPortrait UIInterfaceOrientationLandscapeLeft UIInterfaceOrientationLandscapeRight";
				LD_RUNPATH_SEARCH_PATHS = (
					"$(inherited)",
					"@executable_path/Frameworks",
				);
				MARKETING_VERSION = 1.0;
				PRODUCT_BUNDLE_IDENTIFIER = com.fayeq.MyZone;
				PRODUCT_NAME = "$(TARGET_NAME)";
				SWIFT_EMIT_LOC_STRINGS = YES;
				SWIFT_VERSION = 5.0;
				TARGETED_DEVICE_FAMILY = "1,2";
			};
			name = Debug;
		};
		6D9E05762BFC8819006E2E5A /* Release */ = {
			isa = XCBuildConfiguration;
			buildSettings = {
				ASSETCATALOG_COMPILER_APPICON_NAME = AppIcon;
				ASSETCATALOG_COMPILER_GLOBAL_ACCENT_COLOR_NAME = AccentColor;
				CODE_SIGN_STYLE = Automatic;
				CURRENT_PROJECT_VERSION = 1;
				DEVELOPMENT_TEAM = 7B56P4595F;
				GENERATE_INFOPLIST_FILE = YES;
				INFOPLIST_FILE = MyZone/Info.plist;
				INFOPLIST_KEY_UIApplicationSupportsIndirectInputEvents = YES;
				INFOPLIST_KEY_UILaunchStoryboardName = LaunchScreen;
				INFOPLIST_KEY_UIMainStoryboardFile = Main;
				INFOPLIST_KEY_UISupportedInterfaceOrientations_iPad = "UIInterfaceOrientationPortrait UIInterfaceOrientationPortraitUpsideDown UIInterfaceOrientationLandscapeLeft UIInterfaceOrientationLandscapeRight";
				INFOPLIST_KEY_UISupportedInterfaceOrientations_iPhone = "UIInterfaceOrientationPortrait UIInterfaceOrientationLandscapeLeft UIInterfaceOrientationLandscapeRight";
				LD_RUNPATH_SEARCH_PATHS = (
					"$(inherited)",
					"@executable_path/Frameworks",
				);
				MARKETING_VERSION = 1.0;
				PRODUCT_BUNDLE_IDENTIFIER = com.fayeq.MyZone;
				PRODUCT_NAME = "$(TARGET_NAME)";
				SWIFT_EMIT_LOC_STRINGS = YES;
				SWIFT_VERSION = 5.0;
				TARGETED_DEVICE_FAMILY = "1,2";
			};
			name = Release;
		};
		6D9E05782BFC8819006E2E5A /* Debug */ = {
			isa = XCBuildConfiguration;
			buildSettings = {
				ALWAYS_EMBED_SWIFT_STANDARD_LIBRARIES = YES;
				BUNDLE_LOADER = "$(TEST_HOST)";
				CODE_SIGN_STYLE = Automatic;
				CURRENT_PROJECT_VERSION = 1;
				DEVELOPMENT_TEAM = 7B56P4595F;
				GENERATE_INFOPLIST_FILE = YES;
				IPHONEOS_DEPLOYMENT_TARGET = 17.4;
				MARKETING_VERSION = 1.0;
				PRODUCT_BUNDLE_IDENTIFIER = com.fayeq.MyZoneTests;
				PRODUCT_NAME = "$(TARGET_NAME)";
				SWIFT_EMIT_LOC_STRINGS = NO;
				SWIFT_VERSION = 5.0;
				TARGETED_DEVICE_FAMILY = "1,2";
				TEST_HOST = "$(BUILT_PRODUCTS_DIR)/MyZone.app/$(BUNDLE_EXECUTABLE_FOLDER_PATH)/MyZone";
			};
			name = Debug;
		};
		6D9E05792BFC8819006E2E5A /* Release */ = {
			isa = XCBuildConfiguration;
			buildSettings = {
				ALWAYS_EMBED_SWIFT_STANDARD_LIBRARIES = YES;
				BUNDLE_LOADER = "$(TEST_HOST)";
				CODE_SIGN_STYLE = Automatic;
				CURRENT_PROJECT_VERSION = 1;
				DEVELOPMENT_TEAM = 7B56P4595F;
				GENERATE_INFOPLIST_FILE = YES;
				IPHONEOS_DEPLOYMENT_TARGET = 17.4;
				MARKETING_VERSION = 1.0;
				PRODUCT_BUNDLE_IDENTIFIER = com.fayeq.MyZoneTests;
				PRODUCT_NAME = "$(TARGET_NAME)";
				SWIFT_EMIT_LOC_STRINGS = NO;
				SWIFT_VERSION = 5.0;
				TARGETED_DEVICE_FAMILY = "1,2";
				TEST_HOST = "$(BUILT_PRODUCTS_DIR)/MyZone.app/$(BUNDLE_EXECUTABLE_FOLDER_PATH)/MyZone";
			};
			name = Release;
		};
		6D9E057B2BFC8819006E2E5A /* Debug */ = {
			isa = XCBuildConfiguration;
			buildSettings = {
				ALWAYS_EMBED_SWIFT_STANDARD_LIBRARIES = YES;
				CODE_SIGN_STYLE = Automatic;
				CURRENT_PROJECT_VERSION = 1;
				DEVELOPMENT_TEAM = 7B56P4595F;
				GENERATE_INFOPLIST_FILE = YES;
				MARKETING_VERSION = 1.0;
				PRODUCT_BUNDLE_IDENTIFIER = com.fayeq.MyZoneUITests;
				PRODUCT_NAME = "$(TARGET_NAME)";
				SWIFT_EMIT_LOC_STRINGS = NO;
				SWIFT_VERSION = 5.0;
				TARGETED_DEVICE_FAMILY = "1,2";
				TEST_TARGET_NAME = MyZone;
			};
			name = Debug;
		};
		6D9E057C2BFC8819006E2E5A /* Release */ = {
			isa = XCBuildConfiguration;
			buildSettings = {
				ALWAYS_EMBED_SWIFT_STANDARD_LIBRARIES = YES;
				CODE_SIGN_STYLE = Automatic;
				CURRENT_PROJECT_VERSION = 1;
				DEVELOPMENT_TEAM = 7B56P4595F;
				GENERATE_INFOPLIST_FILE = YES;
				MARKETING_VERSION = 1.0;
				PRODUCT_BUNDLE_IDENTIFIER = com.fayeq.MyZoneUITests;
				PRODUCT_NAME = "$(TARGET_NAME)";
				SWIFT_EMIT_LOC_STRINGS = NO;
				SWIFT_VERSION = 5.0;
				TARGETED_DEVICE_FAMILY = "1,2";
				TEST_TARGET_NAME = MyZone;
			};
			name = Release;
		};
/* End XCBuildConfiguration section */

/* Begin XCConfigurationList section */
		6D9E05452BFC8818006E2E5A /* Build configuration list for PBXProject "MyZone" */ = {
			isa = XCConfigurationList;
			buildConfigurations = (
				6D9E05722BFC8819006E2E5A /* Debug */,
				6D9E05732BFC8819006E2E5A /* Release */,
			);
			defaultConfigurationIsVisible = 0;
			defaultConfigurationName = Release;
		};
		6D9E05742BFC8819006E2E5A /* Build configuration list for PBXNativeTarget "MyZone" */ = {
			isa = XCConfigurationList;
			buildConfigurations = (
				6D9E05752BFC8819006E2E5A /* Debug */,
				6D9E05762BFC8819006E2E5A /* Release */,
			);
			defaultConfigurationIsVisible = 0;
			defaultConfigurationName = Release;
		};
		6D9E05772BFC8819006E2E5A /* Build configuration list for PBXNativeTarget "MyZoneTests" */ = {
			isa = XCConfigurationList;
			buildConfigurations = (
				6D9E05782BFC8819006E2E5A /* Debug */,
				6D9E05792BFC8819006E2E5A /* Release */,
			);
			defaultConfigurationIsVisible = 0;
			defaultConfigurationName = Release;
		};
		6D9E057A2BFC8819006E2E5A /* Build configuration list for PBXNativeTarget "MyZoneUITests" */ = {
			isa = XCConfigurationList;
			buildConfigurations = (
				6D9E057B2BFC8819006E2E5A /* Debug */,
				6D9E057C2BFC8819006E2E5A /* Release */,
			);
			defaultConfigurationIsVisible = 0;
			defaultConfigurationName = Release;
		};
/* End XCConfigurationList section */
	};
	rootObject = 6D9E05422BFC8818006E2E5A /* Project object */;
}
